# This file is generated by running "yarn install" inside your project.
# Manual changes might be lost - proceed with caution!

__metadata:
  version: 8
  cacheKey: 10c0

"@repro/destination@workspace:packages/destination":
  version: 0.0.0-use.local
  resolution: "@repro/destination@workspace:packages/destination"
  dependencies:
    "@repro/origin": "workspace:*"
    "@typescript/native-preview": "npm:^7.0.0-dev.20251023.1"
  languageName: unknown
  linkType: soft

"@repro/origin@workspace:*, @repro/origin@workspace:packages/origin":
  version: 0.0.0-use.local
  resolution: "@repro/origin@workspace:packages/origin"
  dependencies:
    "@types/node": "npm:^24.9.1"
    "@typescript/native-preview": "npm:^7.0.0-dev.20251023.1"
  languageName: unknown
  linkType: soft

"@types/node@npm:^24.9.1":
  version: 24.9.1
  resolution: "@types/node@npm:24.9.1"
  dependencies:
    undici-types: "npm:~7.16.0"
  checksum: 10c0/c52f8168080ef9a7c3dc23d8ac6061fab5371aad89231a0f6f4c075869bc3de7e89b075b1f3e3171d9e5143d0dda1807c3dab8e32eac6d68f02e7480e7e78576
  languageName: node
  linkType: hard

"@typescript/native-preview-darwin-arm64@npm:7.0.0-dev.20251023.1":
  version: 7.0.0-dev.20251023.1
  resolution: "@typescript/native-preview-darwin-arm64@npm:7.0.0-dev.20251023.1"
  conditions: os=darwin & cpu=arm64
  languageName: node
  linkType: hard

"@typescript/native-preview-darwin-x64@npm:7.0.0-dev.20251023.1":
  version: 7.0.0-dev.20251023.1
  resolution: "@typescript/native-preview-darwin-x64@npm:7.0.0-dev.20251023.1"
  conditions: os=darwin & cpu=x64
  languageName: node
  linkType: hard

"@typescript/native-preview-linux-arm64@npm:7.0.0-dev.20251023.1":
  version: 7.0.0-dev.20251023.1
  resolution: "@typescript/native-preview-linux-arm64@npm:7.0.0-dev.20251023.1"
  conditions: os=linux & cpu=arm64
  languageName: node
  linkType: hard

"@typescript/native-preview-linux-arm@npm:7.0.0-dev.20251023.1":
  version: 7.0.0-dev.20251023.1
  resolution: "@typescript/native-preview-linux-arm@npm:7.0.0-dev.20251023.1"
  conditions: os=linux & cpu=arm
  languageName: node
  linkType: hard

"@typescript/native-preview-linux-x64@npm:7.0.0-dev.20251023.1":
  version: 7.0.0-dev.20251023.1
  resolution: "@typescript/native-preview-linux-x64@npm:7.0.0-dev.20251023.1"
  conditions: os=linux & cpu=x64
  languageName: node
  linkType: hard

"@typescript/native-preview-win32-arm64@npm:7.0.0-dev.20251023.1":
  version: 7.0.0-dev.20251023.1
  resolution: "@typescript/native-preview-win32-arm64@npm:7.0.0-dev.20251023.1"
  conditions: os=win32 & cpu=arm64
  languageName: node
  linkType: hard

"@typescript/native-preview-win32-x64@npm:7.0.0-dev.20251023.1":
  version: 7.0.0-dev.20251023.1
  resolution: "@typescript/native-preview-win32-x64@npm:7.0.0-dev.20251023.1"
  conditions: os=win32 & cpu=x64
  languageName: node
  linkType: hard

"@typescript/native-preview@npm:^7.0.0-dev.20251023.1":
  version: 7.0.0-dev.20251023.1
  resolution: "@typescript/native-preview@npm:7.0.0-dev.20251023.1"
  dependencies:
    "@typescript/native-preview-darwin-arm64": "npm:7.0.0-dev.20251023.1"
    "@typescript/native-preview-darwin-x64": "npm:7.0.0-dev.20251023.1"
    "@typescript/native-preview-linux-arm": "npm:7.0.0-dev.20251023.1"
    "@typescript/native-preview-linux-arm64": "npm:7.0.0-dev.20251023.1"
    "@typescript/native-preview-linux-x64": "npm:7.0.0-dev.20251023.1"
    "@typescript/native-preview-win32-arm64": "npm:7.0.0-dev.20251023.1"
    "@typescript/native-preview-win32-x64": "npm:7.0.0-dev.20251023.1"
  dependenciesMeta:
    "@typescript/native-preview-darwin-arm64":
      optional: true
    "@typescript/native-preview-darwin-x64":
      optional: true
    "@typescript/native-preview-linux-arm":
      optional: true
    "@typescript/native-preview-linux-arm64":
      optional: true
    "@typescript/native-preview-linux-x64":
      optional: true
    "@typescript/native-preview-win32-arm64":
      optional: true
    "@typescript/native-preview-win32-x64":
      optional: true
  bin:
    tsgo: bin/tsgo.js
  checksum: 10c0/adc283a9e90e41cee1f68102294abd66fe38e2b0177e2723ed3d958d118d39ce7cbbb7b2484535c0d62571a6052f72d4be549b87fdb3ff53b9b3156c0f55d2cc
  languageName: node
  linkType: hard

"prettier@npm:^3.6.2":
  version: 3.6.2
  resolution: "prettier@npm:3.6.2"
  bin:
    prettier: bin/prettier.cjs
  checksum: 10c0/488cb2f2b99ec13da1e50074912870217c11edaddedeadc649b1244c749d15ba94e846423d062e2c4c9ae683e2d65f754de28889ba06e697ac4f988d44f45812
  languageName: node
  linkType: hard

"root-workspace-0b6124@workspace:.":
  version: 0.0.0-use.local
  resolution: "root-workspace-0b6124@workspace:."
  dependencies:
    "@typescript/native-preview": "npm:^7.0.0-dev.20251023.1"
    prettier: "npm:^3.6.2"
  languageName: unknown
  linkType: soft

"undici-types@npm:~7.16.0":
  version: 7.16.0
  resolution: "undici-types@npm:7.16.0"
  checksum: 10c0/3033e2f2b5c9f1504bdc5934646cb54e37ecaca0f9249c983f7b1fc2e87c6d18399ebb05dc7fd5419e02b2e915f734d872a65da2e3eeed1813951c427d33cc9a
  languageName: node
  linkType: hard
